{
  "name": "desmondtest",
  "lockfileVersion": 3,
  "requires": true,
  "packages": {
    "": {
      "dependencies": {
        "desmond-emu": "^1.0.0"
      }
    },
    "node_modules/desmond-emu": {
      "version": "1.0.0",
      "resolved": "https://registry.npmjs.org/desmond-emu/-/desmond-emu-1.0.0.tgz",
      "integrity": "sha512-9pQBNtC/v7VRtLLpSeqk6EAztlNGI+nsyTkC1jffMLnO7nSmFJYDmnppjJV8eefC8dnKbFWSeZS8U8huopPK8g=="
    }
  }
}
